// !$*UTF8*$!
{
	archiveVersion = 1;
	classes = {
	};
	objectVersion = 56;
	objects = {

/* Begin PBXBuildFile section */
		522477A02D96505A001B84A4 /* AppDelegate.swift in Sources */ = {isa = PBXBuildFile; fileRef = 5224779F2D96505A001B84A4 /* AppDelegate.swift */; };
		522477A22D96505A001B84A4 /* SceneDelegate.swift in Sources */ = {isa = PBXBuildFile; fileRef = 522477A12D96505A001B84A4 /* SceneDelegate.swift */; };
		522477A42D96505A001B84A4 /* ViewController.swift in Sources */ = {isa = PBXBuildFile; fileRef = 522477A32D96505A001B84A4 /* ViewController.swift */; };
		522477A72D96505A001B84A4 /* Main.storyboard in Resources */ = {isa = PBXBuildFile; fileRef = 522477A52D96505A001B84A4 /* Main.storyboard */; };
		522477AA2D96505A001B84A4 /* A2_iOS_jorrel_101329925.xcdatamodeld in Sources */ = {isa = PBXBuildFile; fileRef = 522477A82D96505A001B84A4 /* A2_iOS_jorrel_101329925.xcdatamodeld */; };
		522477AC2D96506C001B84A4 /* Assets.xcassets in Resources */ = {isa = PBXBuildFile; fileRef = 522477AB2D96506C001B84A4 /* Assets.xcassets */; };
		522477AF2D96506C001B84A4 /* LaunchScreen.storyboard in Resources */ = {isa = PBXBuildFile; fileRef = 522477AD2D96506C001B84A4 /* LaunchScreen.storyboard */; };
		52734F622D97839400FE0AF0 /* AddViewController.swift in Sources */ = {isa = PBXBuildFile; fileRef = 52734F612D97839400FE0AF0 /* AddViewController.swift */; };
		52734F642D97964700FE0AF0 /* TableViewController.swift in Sources */ = {isa = PBXBuildFile; fileRef = 52734F632D97964700FE0AF0 /* TableViewController.swift */; };
/* End PBXBuildFile section */

/* Begin PBXFileReference section */
		5224779C2D96505A001B84A4 /* A2_iOS_jorrel_101329925.app */ = {isa = PBXFileReference; explicitFileType = wrapper.application; includeInIndex = 0; path = A2_iOS_jorrel_101329925.app; sourceTree = BUILT_PRODUCTS_DIR; };
		5224779F2D96505A001B84A4 /* AppDelegate.swift */ = {isa = PBXFileReference; lastKnownFileType = sourcecode.swift; path = AppDelegate.swift; sourceTree = "<group>"; };
		522477A12D96505A001B84A4 /* SceneDelegate.swift */ = {isa = PBXFileReference; lastKnownFileType = sourcecode.swift; path = SceneDelegate.swift; sourceTree = "<group>"; };
		522477A32D96505A001B84A4 /* ViewController.swift */ = {isa = PBXFileReference; lastKnownFileType = sourcecode.swift; path = ViewController.swift; sourceTree = "<group>"; };
		522477A62D96505A001B84A4 /* Base */ = {isa = PBXFileReference; lastKnownFileType = file.storyboard; name = Base; path = Base.lproj/Main.storyboard; sourceTree = "<group>"; };
		522477A92D96505A001B84A4 /* A2_iOS_jorrel_101329925.xcdatamodel */ = {isa = PBXFileReference; lastKnownFileType = wrapper.xcdatamodel; path = A2_iOS_jorrel_101329925.xcdatamodel; sourceTree = "<group>"; };
		522477AB2D96506C001B84A4 /* Assets.xcassets */ = {isa = PBXFileReference; lastKnownFileType = folder.assetcatalog; path = Assets.xcassets; sourceTree = "<group>"; };
		522477AE2D96506C001B84A4 /* Base */ = {isa = PBXFileReference; lastKnownFileType = file.storyboard; name = Base; path = Base.lproj/LaunchScreen.storyboard; sourceTree = "<group>"; };
		522477B02D96506C001B84A4 /* Info.plist */ = {isa = PBXFileReference; lastKnownFileType = text.plist.xml; path = Info.plist; sourceTree = "<group>"; };
		52734F612D97839400FE0AF0 /* AddViewController.swift */ = {isa = PBXFileReference; lastKnownFileType = sourcecode.swift; path = AddViewController.swift; sourceTree = "<group>"; };
		52734F632D97964700FE0AF0 /* TableViewController.swift */ = {isa = PBXFileReference; lastKnownFileType = sourcecode.swift; path = TableViewController.swift; sourceTree = "<group>"; };
/* End PBXFileReference section */

/* Begin PBXFrameworksBuildPhase section */
		522477992D96505A001B84A4 /* Frameworks */ = {
			isa = PBXFrameworksBuildPhase;
			buildActionMask = 2147483647;
			files = (
			);
			runOnlyForDeploymentPostprocessing = 0;
		};
/* End PBXFrameworksBuildPhase section */

/* Begin PBXGroup section */
		522477932D96505A001B84A4 = {
			isa = PBXGroup;
			children = (
				5224779E2D96505A001B84A4 /* A2_iOS_jorrel_101329925 */,
				5224779D2D96505A001B84A4 /* Products */,
			);
			sourceTree = "<group>";
		};
		5224779D2D96505A001B84A4 /* Products */ = {
			isa = PBXGroup;
			children = (
				5224779C2D96505A001B84A4 /* A2_iOS_jorrel_101329925.app */,
			);
			name = Products;
			sourceTree = "<group>";
		};
		5224779E2D96505A001B84A4 /* A2_iOS_jorrel_101329925 */ = {
			isa = PBXGroup;
			children = (
				5224779F2D96505A001B84A4 /* AppDelegate.swift */,
				522477A12D96505A001B84A4 /* SceneDelegate.swift */,
				522477A32D96505A001B84A4 /* ViewController.swift */,
				52734F612D97839400FE0AF0 /* AddViewController.swift */,
				52734F632D97964700FE0AF0 /* TableViewController.swift */,
				522477A52D96505A001B84A4 /* Main.storyboard */,
				522477AB2D96506C001B84A4 /* Assets.xcassets */,
				522477AD2D96506C001B84A4 /* LaunchScreen.storyboard */,
				522477B02D96506C001B84A4 /* Info.plist */,
				522477A82D96505A001B84A4 /* A2_iOS_jorrel_101329925.xcdatamodeld */,
			);
			path = A2_iOS_jorrel_101329925;
			sourceTree = "<group>";
		};
/* End PBXGroup section */

/* Begin PBXNativeTarget section */
		5224779B2D96505A001B84A4 /* A2_iOS_jorrel_101329925 */ = {
			isa = PBXNativeTarget;
			buildConfigurationList = 522477B32D96506C001B84A4 /* Build configuration list for PBXNativeTarget "A2_iOS_jorrel_101329925" */;
			buildPhases = (
				522477982D96505A001B84A4 /* Sources */,
				522477992D96505A001B84A4 /* Frameworks */,
				5224779A2D96505A001B84A4 /* Resources */,
			);
			buildRules = (
			);
			dependencies = (
			);
			name = A2_iOS_jorrel_101329925;
			productName = A2_iOS_jorrel_101329925;
			productReference = 5224779C2D96505A001B84A4 /* A2_iOS_jorrel_101329925.app */;
			productType = "com.apple.product-type.application";
		};
/* End PBXNativeTarget section */

/* Begin PBXProject section */
		522477942D96505A001B84A4 /* Project object */ = {
			isa = PBXProject;
			attributes = {
				BuildIndependentTargetsInParallel = 1;
				LastSwiftUpdateCheck = 1420;
				LastUpgradeCheck = 1420;
				TargetAttributes = {
					5224779B2D96505A001B84A4 = {
						CreatedOnToolsVersion = 14.2;
					};
				};
			};
			buildConfigurationList = 522477972D96505A001B84A4 /* Build configuration list for PBXProject "A2_iOS_jorrel_101329925" */;
			compatibilityVersion = "Xcode 14.0";
			developmentRegion = en;
			hasScannedForEncodings = 0;
			knownRegions = (
				en,
				Base,
			);
			mainGroup = 522477932D96505A001B84A4;
			productRefGroup = 5224779D2D96505A001B84A4 /* Products */;
			projectDirPath = "";
			projectRoot = "";
			targets = (
				5224779B2D96505A001B84A4 /* A2_iOS_jorrel_101329925 */,
			);
		};
/* End PBXProject section */

/* Begin PBXResourcesBuildPhase section */
		5224779A2D96505A001B84A4 /* Resources */ = {
			isa = PBXResourcesBuildPhase;
			buildActionMask = 2147483647;
			files = (
				522477AF2D96506C001B84A4 /* LaunchScreen.storyboard in Resources */,
				522477AC2D96506C001B84A4 /* Assets.xcassets in Resources */,
				522477A72D96505A001B84A4 /* Main.storyboard in Resources */,
			);
			runOnlyForDeploymentPostprocessing = 0;
		};
/* End PBXResourcesBuildPhase section */

/* Begin PBXSourcesBuildPhase section */
		522477982D96505A001B84A4 /* Sources */ = {
			isa = PBXSourcesBuildPhase;
			buildActionMask = 2147483647;
			files = (
				52734F622D97839400FE0AF0 /* AddViewController.swift in Sources */,
				52734F642D97964700FE0AF0 /* TableViewController.swift in Sources */,
				522477A42D96505A001B84A4 /* ViewController.swift in Sources */,
				522477AA2D96505A001B84A4 /* A2_iOS_jorrel_101329925.xcdatamodeld in Sources */,
				522477A02D96505A001B84A4 /* AppDelegate.swift in Sources */,
				522477A22D96505A001B84A4 /* SceneDelegate.swift in Sources */,
			);
			runOnlyForDeploymentPostprocessing = 0;
		};
/* End PBXSourcesBuildPhase section */

/* Begin PBXVariantGroup section */
		522477A52D96505A001B84A4 /* Main.storyboard */ = {
			isa = PBXVariantGroup;
			children = (
				522477A62D96505A001B84A4 /* Base */,
			);
			name = Main.storyboard;
			sourceTree = "<group>";
		};
		522477AD2D96506C001B84A4 /* LaunchScreen.storyboard */ = {
			isa = PBXVariantGroup;
			children = (
				522477AE2D96506C001B84A4 /* Base */,
			);
			name = LaunchScreen.storyboard;
			sourceTree = "<group>";
		};
/* End PBXVariantGroup section */

/* Begin XCBuildConfiguration section */
		522477B12D96506C001B84A4 /* Debug */ = {
			isa = XCBuildConfiguration;
			buildSettings = {
				ALWAYS_SEARCH_USER_PATHS = NO;
				CLANG_ANALYZER_NONNULL = YES;
				CLANG_ANALYZER_NUMBER_OBJECT_CONVERSION = YES_AGGRESSIVE;
				CLANG_CXX_LANGUAGE_STANDARD = "gnu++20";
				CLANG_ENABLE_MODULES = YES;
				CLANG_ENABLE_OBJC_ARC = YES;
				CLANG_ENABLE_OBJC_WEAK = YES;
				CLANG_WARN_BLOCK_CAPTURE_AUTORELEASING = YES;
				CLANG_WARN_BOOL_CONVERSION = YES;
				CLANG_WARN_COMMA = YES;
				CLANG_WARN_CONSTANT_CONVERSION = YES;
				CLANG_WARN_DEPRECATED_OBJC_IMPLEMENTATIONS = YES;
				CLANG_WARN_DIRECT_OBJC_ISA_USAGE = YES_ERROR;
				CLANG_WARN_DOCUMENTATION_COMMENTS = YES;
				CLANG_WARN_EMPTY_BODY = YES;
				CLANG_WARN_ENUM_CONVERSION = YES;
				CLANG_WARN_INFINITE_RECURSION = YES;
				CLANG_WARN_INT_CONVERSION = YES;
				CLANG_WARN_NON_LITERAL_NULL_CONVERSION = YES;
				CLANG_WARN_OBJC_IMPLICIT_RETAIN_SELF = YES;
				CLANG_WARN_OBJC_LITERAL_CONVERSION = YES;
				CLANG_WARN_OBJC_ROOT_CLASS = YES_ERROR;
				CLANG_WARN_QUOTED_INCLUDE_IN_FRAMEWORK_HEADER = YES;
				CLANG_WARN_RANGE_LOOP_ANALYSIS = YES;
				CLANG_WARN_STRICT_PROTOTYPES = YES;
				CLANG_WARN_SUSPICIOUS_MOVE = YES;
				CLANG_WARN_UNGUARDED_AVAILABILITY = YES_AGGRESSIVE;
				CLANG_WARN_UNREACHABLE_CODE = YES;
				CLANG_WARN__DUPLICATE_METHOD_MATCH = YES;
				COPY_PHASE_STRIP = NO;
				DEBUG_INFORMATION_FORMAT = dwarf;
				ENABLE_STRICT_OBJC_MSGSEND = YES;
				ENABLE_TESTABILITY = YES;
				GCC_C_LANGUAGE_STANDARD = gnu11;
				GCC_DYNAMIC_NO_PIC = NO;
				GCC_NO_COMMON_BLOCKS = YES;
				GCC_OPTIMIZATION_LEVEL = 0;
				GCC_PREPROCESSOR_DEFINITIONS = (
					"DEBUG=1",
					"$(inherited)",
				);
				GCC_WARN_64_TO_32_BIT_CONVERSION = YES;
				GCC_WARN_ABOUT_RETURN_TYPE = YES_ERROR;
				GCC_WARN_UNDECLARED_SELECTOR = YES;
				GCC_WARN_UNINITIALIZED_AUTOS = YES_AGGRESSIVE;
				GCC_WARN_UNUSED_FUNCTION = YES;
				GCC_WARN_UNUSED_VARIABLE = YES;
				IPHONEOS_DEPLOYMENT_TARGET = 16.2;
				MTL_ENABLE_DEBUG_INFO = INCLUDE_SOURCE;
				MTL_FAST_MATH = YES;
				ONLY_ACTIVE_ARCH = YES;
				SDKROOT = iphoneos;
				SWIFT_ACTIVE_COMPILATION_CONDITIONS = DEBUG;
				SWIFT_OPTIMIZATION_LEVEL = "-Onone";
			};
			name = Debug;
		};
		522477B22D96506C001B84A4 /* Release */ = {
			isa = XCBuildConfiguration;
			buildSettings = {
				ALWAYS_SEARCH_USER_PATHS = NO;
				CLANG_ANALYZER_NONNULL = YES;
				CLANG_ANALYZER_NUMBER_OBJECT_CONVERSION = YES_AGGRESSIVE;
				CLANG_CXX_LANGUAGE_STANDARD = "gnu++20";
				CLANG_ENABLE_MODULES = YES;
				CLANG_ENABLE_OBJC_ARC = YES;
				CLANG_ENABLE_OBJC_WEAK = YES;
				CLANG_WARN_BLOCK_CAPTURE_AUTORELEASING = YES;
				CLANG_WARN_BOOL_CONVERSION = YES;
				CLANG_WARN_COMMA = YES;
				CLANG_WARN_CONSTANT_CONVERSION = YES;
				CLANG_WARN_DEPRECATED_OBJC_IMPLEMENTATIONS = YES;
				CLANG_WARN_DIRECT_OBJC_ISA_USAGE = YES_ERROR;
				CLANG_WARN_DOCUMENTATION_COMMENTS = YES;
				CLANG_WARN_EMPTY_BODY = YES;
				CLANG_WARN_ENUM_CONVERSION = YES;
				CLANG_WARN_INFINITE_RECURSION = YES;
				CLANG_WARN_INT_CONVERSION = YES;
				CLANG_WARN_NON_LITERAL_NULL_CONVERSION = YES;
				CLANG_WARN_OBJC_IMPLICIT_RETAIN_SELF = YES;
				CLANG_WARN_OBJC_LITERAL_CONVERSION = YES;
				CLANG_WARN_OBJC_ROOT_CLASS = YES_ERROR;
				CLANG_WARN_QUOTED_INCLUDE_IN_FRAMEWORK_HEADER = YES;
				CLANG_WARN_RANGE_LOOP_ANALYSIS = YES;
				CLANG_WARN_STRICT_PROTOTYPES = YES;
				CLANG_WARN_SUSPICIOUS_MOVE = YES;
				CLANG_WARN_UNGUARDED_AVAILABILITY = YES_AGGRESSIVE;
				CLANG_WARN_UNREACHABLE_CODE = YES;
				CLANG_WARN__DUPLICATE_METHOD_MATCH = YES;
				COPY_PHASE_STRIP = NO;
				DEBUG_INFORMATION_FORMAT = "dwarf-with-dsym";
				ENABLE_NS_ASSERTIONS = NO;
				ENABLE_STRICT_OBJC_MSGSEND = YES;
				GCC_C_LANGUAGE_STANDARD = gnu11;
				GCC_NO_COMMON_BLOCKS = YES;
				GCC_WARN_64_TO_32_BIT_CONVERSION = YES;
				GCC_WARN_ABOUT_RETURN_TYPE = YES_ERROR;
				GCC_WARN_UNDECLARED_SELECTOR = YES;
				GCC_WARN_UNINITIALIZED_AUTOS = YES_AGGRESSIVE;
				GCC_WARN_UNUSED_FUNCTION = YES;
				GCC_WARN_UNUSED_VARIABLE = YES;
				IPHONEOS_DEPLOYMENT_TARGET = 16.2;
				MTL_ENABLE_DEBUG_INFO = NO;
				MTL_FAST_MATH = YES;
				SDKROOT = iphoneos;
				SWIFT_COMPILATION_MODE = wholemodule;
				SWIFT_OPTIMIZATION_LEVEL = "-O";
				VALIDATE_PRODUCT = YES;
			};
			name = Release;
		};
		522477B42D96506C001B84A4 /* Debug */ = {
			isa = XCBuildConfiguration;
			buildSettings = {
				ASSETCATALOG_COMPILER_APPICON_NAME = AppIcon;
				ASSETCATALOG_COMPILER_GLOBAL_ACCENT_COLOR_NAME = AccentColor;
				CODE_SIGN_STYLE = Automatic;
				CURRENT_PROJECT_VERSION = 1;
				DEVELOPMENT_TEAM = 3D6UVHL9Y5;
				GENERATE_INFOPLIST_FILE = YES;
				INFOPLIST_FILE = A2_iOS_jorrel_101329925/Info.plist;
				INFOPLIST_KEY_UIApplicationSupportsIndirectInputEvents = YES;
				INFOPLIST_KEY_UILaunchStoryboardName = LaunchScreen;
				INFOPLIST_KEY_UIMainStoryboardFile = Main;
				INFOPLIST_KEY_UISupportedInterfaceOrientations_iPad = "UIInterfaceOrientationPortrait UIInterfaceOrientationPortraitUpsideDown UIInterfaceOrientationLandscapeLeft UIInterfaceOrientationLandscapeRight";
				INFOPLIST_KEY_UISupportedInterfaceOrientations_iPhone = "UIInterfaceOrientationPortrait UIInterfaceOrientationLandscapeLeft UIInterfaceOrientationLandscapeRight";
				LD_RUNPATH_SEARCH_PATHS = (
					"$(inherited)",
					"@executable_path/Frameworks",
				);
				MARKETING_VERSION = 1.0;
				PRODUCT_BUNDLE_IDENTIFIER = "-01329925.A2-iOS-jorrel-101329925";
				PRODUCT_NAME = "$(TARGET_NAME)";
				SWIFT_EMIT_LOC_STRINGS = YES;
				SWIFT_VERSION = 5.0;
				TARGETED_DEVICE_FAMILY = "1,2";
			};
			name = Debug;
		};
		522477B52D96506C001B84A4 /* Release */ = {
			isa = XCBuildConfiguration;
			buildSettings = {
				ASSETCATALOG_COMPILER_APPICON_NAME = AppIcon;
				ASSETCATALOG_COMPILER_GLOBAL_ACCENT_COLOR_NAME = AccentColor;
				CODE_SIGN_STYLE = Automatic;
				CURRENT_PROJECT_VERSION = 1;
				DEVELOPMENT_TEAM = 3D6UVHL9Y5;
				GENERATE_INFOPLIST_FILE = YES;
				INFOPLIST_FILE = A2_iOS_jorrel_101329925/Info.plist;
				INFOPLIST_KEY_UIApplicationSupportsIndirectInputEvents = YES;
				INFOPLIST_KEY_UILaunchStoryboardName = LaunchScreen;
				INFOPLIST_KEY_UIMainStoryboardFile = Main;
				INFOPLIST_KEY_UISupportedInterfaceOrientations_iPad = "UIInterfaceOrientationPortrait UIInterfaceOrientationPortraitUpsideDown UIInterfaceOrientationLandscapeLeft UIInterfaceOrientationLandscapeRight";
				INFOPLIST_KEY_UISupportedInterfaceOrientations_iPhone = "UIInterfaceOrientationPortrait UIInterfaceOrientationLandscapeLeft UIInterfaceOrientationLandscapeRight";
				LD_RUNPATH_SEARCH_PATHS = (
					"$(inherited)",
					"@executable_path/Frameworks",
				);
				MARKETING_VERSION = 1.0;
				PRODUCT_BUNDLE_IDENTIFIER = "-01329925.A2-iOS-jorrel-101329925";
				PRODUCT_NAME = "$(TARGET_NAME)";
				SWIFT_EMIT_LOC_STRINGS = YES;
				SWIFT_VERSION = 5.0;
				TARGETED_DEVICE_FAMILY = "1,2";
			};
			name = Release;
		};
/* End XCBuildConfiguration section */

/* Begin XCConfigurationList section */
		522477972D96505A001B84A4 /* Build configuration list for PBXProject "A2_iOS_jorrel_101329925" */ = {
			isa = XCConfigurationList;
			buildConfigurations = (
				522477B12D96506C001B84A4 /* Debug */,
				522477B22D96506C001B84A4 /* Release */,
			);
			defaultConfigurationIsVisible = 0;
			defaultConfigurationName = Release;
		};
		522477B32D96506C001B84A4 /* Build configuration list for PBXNativeTarget "A2_iOS_jorrel_101329925" */ = {
			isa = XCConfigurationList;
			buildConfigurations = (
				522477B42D96506C001B84A4 /* Debug */,
				522477B52D96506C001B84A4 /* Release */,
			);
			defaultConfigurationIsVisible = 0;
			defaultConfigurationName = Release;
		};
/* End XCConfigurationList section */

/* Begin XCVersionGroup section */
		522477A82D96505A001B84A4 /* A2_iOS_jorrel_101329925.xcdatamodeld */ = {
			isa = XCVersionGroup;
			children = (
				522477A92D96505A001B84A4 /* A2_iOS_jorrel_101329925.xcdatamodel */,
			);
			currentVersion = 522477A92D96505A001B84A4 /* A2_iOS_jorrel_101329925.xcdatamodel */;
			path = A2_iOS_jorrel_101329925.xcdatamodeld;
			sourceTree = "<group>";
			versionGroupType = wrapper.xcdatamodel;
		};
/* End XCVersionGroup section */
	};
	rootObject = 522477942D96505A001B84A4 /* Project object */;
}
